
Microsoft Visual Studio Solution File, Format Version 12.00
# Visual Studio Version 17
VisualStudioVersion = 17.3.32901.215
MinimumVisualStudioVersion = 10.0.40219.1
Project("{2150E333-8FDC-42A3-9474-1A3956D46DE8}") = "01 - Presentation Layer", "01 - Presentation Layer", "{2BF0B180-7AFA-4933-8EAD-C3288065156A}"
EndProject
Project("{2150E333-8FDC-42A3-9474-1A3956D46DE8}") = "02 - Business Layer", "02 - Business Layer", "{9FB78A81-E5D4-4E8B-B323-15822FFA5FEE}"
EndProject
Project("{2150E333-8FDC-42A3-9474-1A3956D46DE8}") = "03 - Persistence Layer", "03 - Persistence Layer", "{7A72BBC8-3524-4242-B492-0DCC7F0B5839}"
EndProject
Project("{9A19103F-16F7-4668-BE54-9A1E7A4F7556}") = "RoomWithAView.WebApi", "RoomWithAView.WebApi\RoomWithAView.WebApi.csproj", "{84F08FCD-6946-43E9-B5E0-E9CA684F560F}"
EndProject
Project("{9A19103F-16F7-4668-BE54-9A1E7A4F7556}") = "RoomWithAView.Business", "RoomWithAView.Business\RoomWithAView.Business.csproj", "{4659BCAB-5E58-4144-B724-3A2052705FA7}"
EndProject
Project("{9A19103F-16F7-4668-BE54-9A1E7A4F7556}") = "RoomWithAView.Data", "RoomWithAView.Data\RoomWithAView.Data.csproj", "{7CAC84D8-80F1-4A01-96DD-88E9F45F1BC2}"
EndProject
Global
	GlobalSection(SolutionConfigurationPlatforms) = preSolution
		Debug|Any CPU = Debug|Any CPU
		Release|Any CPU = Release|Any CPU
	EndGlobalSection
	GlobalSection(ProjectConfigurationPlatforms) = postSolution
		{84F08FCD-6946-43E9-B5E0-E9CA684F560F}.Debug|Any CPU.ActiveCfg = Debug|Any CPU
		{84F08FCD-6946-43E9-B5E0-E9CA684F560F}.Debug|Any CPU.Build.0 = Debug|Any CPU
		{84F08FCD-6946-43E9-B5E0-E9CA684F560F}.Release|Any CPU.ActiveCfg = Release|Any CPU
		{84F08FCD-6946-43E9-B5E0-E9CA684F560F}.Release|Any CPU.Build.0 = Release|Any CPU
		{4659BCAB-5E58-4144-B724-3A2052705FA7}.Debug|Any CPU.ActiveCfg = Debug|Any CPU
		{4659BCAB-5E58-4144-B724-3A2052705FA7}.Debug|Any CPU.Build.0 = Debug|Any CPU
		{4659BCAB-5E58-4144-B724-3A2052705FA7}.Release|Any CPU.ActiveCfg = Release|Any CPU
		{4659BCAB-5E58-4144-B724-3A2052705FA7}.Release|Any CPU.Build.0 = Release|Any CPU
		{7CAC84D8-80F1-4A01-96DD-88E9F45F1BC2}.Debug|Any CPU.ActiveCfg = Debug|Any CPU
		{7CAC84D8-80F1-4A01-96DD-88E9F45F1BC2}.Debug|Any CPU.Build.0 = Debug|Any CPU
		{7CAC84D8-80F1-4A01-96DD-88E9F45F1BC2}.Release|Any CPU.ActiveCfg = Release|Any CPU
		{7CAC84D8-80F1-4A01-96DD-88E9F45F1BC2}.Release|Any CPU.Build.0 = Release|Any CPU
	EndGlobalSection
	GlobalSection(SolutionProperties) = preSolution
		HideSolutionNode = FALSE
	EndGlobalSection
	GlobalSection(NestedProjects) = preSolution
		{84F08FCD-6946-43E9-B5E0-E9CA684F560F} = {2BF0B180-7AFA-4933-8EAD-C3288065156A}
		{4659BCAB-5E58-4144-B724-3A2052705FA7} = {9FB78A81-E5D4-4E8B-B323-15822FFA5FEE}
		{7CAC84D8-80F1-4A01-96DD-88E9F45F1BC2} = {7A72BBC8-3524-4242-B492-0DCC7F0B5839}
	EndGlobalSection
	GlobalSection(ExtensibilityGlobals) = postSolution
		SolutionGuid = {70DF440B-BB5C-48C3-B14B-BD4C4CDC6934}
	EndGlobalSection
EndGlobal
