
Microsoft Visual Studio Solution File, Format Version 12.00
# Visual Studio Version 17
VisualStudioVersion = 17.3.32901.215
MinimumVisualStudioVersion = 10.0.40219.1
Project("{2150E333-8FDC-42A3-9474-1A3956D46DE8}") = "01 - Presentation Layer", "01 - Presentation Layer", "{2BF0B180-7AFA-4933-8EAD-C3288065156A}"
EndProject
Project("{2150E333-8FDC-42A3-9474-1A3956D46DE8}") = "02 - Business Layer", "02 - Business Layer", "{9FB78A81-E5D4-4E8B-B323-15822FFA5FEE}"
EndProject
Project("{2150E333-8FDC-42A3-9474-1A3956D46DE8}") = "03 - Persistence Layer", "03 - Persistence Layer", "{7A72BBC8-3524-4242-B492-0DCC7F0B5839}"
EndProject
Project("{9A19103F-16F7-4668-BE54-9A1E7A4F7556}") = "RoomWithAView.WebApi", "RoomWithAView.WebApi\RoomWithAView.WebApi.csproj", "{F07BF6E8-B09C-46C8-A246-1B75BF1C04B3}"
EndProject
Project("{9A19103F-16F7-4668-BE54-9A1E7A4F7556}") = "RoomWithAView.Business", "RoomWithAView.Business\RoomWithAView.Business.csproj", "{84F3E651-2776-4308-ACA0-2868D91C737E}"
EndProject
Project("{9A19103F-16F7-4668-BE54-9A1E7A4F7556}") = "RoomWithAView.Data", "RoomWithAView.Data\RoomWithAView.Data.csproj", "{57D77518-0372-4D6C-90F4-193E310A6362}"
EndProject
Global
	GlobalSection(SolutionConfigurationPlatforms) = preSolution
		Debug|Any CPU = Debug|Any CPU
		Release|Any CPU = Release|Any CPU
	EndGlobalSection
	GlobalSection(ProjectConfigurationPlatforms) = postSolution
		{F07BF6E8-B09C-46C8-A246-1B75BF1C04B3}.Debug|Any CPU.ActiveCfg = Debug|Any CPU
		{F07BF6E8-B09C-46C8-A246-1B75BF1C04B3}.Debug|Any CPU.Build.0 = Debug|Any CPU
		{F07BF6E8-B09C-46C8-A246-1B75BF1C04B3}.Release|Any CPU.ActiveCfg = Release|Any CPU
		{F07BF6E8-B09C-46C8-A246-1B75BF1C04B3}.Release|Any CPU.Build.0 = Release|Any CPU
		{84F3E651-2776-4308-ACA0-2868D91C737E}.Debug|Any CPU.ActiveCfg = Debug|Any CPU
		{84F3E651-2776-4308-ACA0-2868D91C737E}.Debug|Any CPU.Build.0 = Debug|Any CPU
		{84F3E651-2776-4308-ACA0-2868D91C737E}.Release|Any CPU.ActiveCfg = Release|Any CPU
		{84F3E651-2776-4308-ACA0-2868D91C737E}.Release|Any CPU.Build.0 = Release|Any CPU
		{57D77518-0372-4D6C-90F4-193E310A6362}.Debug|Any CPU.ActiveCfg = Debug|Any CPU
		{57D77518-0372-4D6C-90F4-193E310A6362}.Debug|Any CPU.Build.0 = Debug|Any CPU
		{57D77518-0372-4D6C-90F4-193E310A6362}.Release|Any CPU.ActiveCfg = Release|Any CPU
		{57D77518-0372-4D6C-90F4-193E310A6362}.Release|Any CPU.Build.0 = Release|Any CPU
	EndGlobalSection
	GlobalSection(SolutionProperties) = preSolution
		HideSolutionNode = FALSE
	EndGlobalSection
	GlobalSection(NestedProjects) = preSolution
		{F07BF6E8-B09C-46C8-A246-1B75BF1C04B3} = {2BF0B180-7AFA-4933-8EAD-C3288065156A}
		{84F3E651-2776-4308-ACA0-2868D91C737E} = {9FB78A81-E5D4-4E8B-B323-15822FFA5FEE}
		{57D77518-0372-4D6C-90F4-193E310A6362} = {7A72BBC8-3524-4242-B492-0DCC7F0B5839}
	EndGlobalSection
	GlobalSection(ExtensibilityGlobals) = postSolution
		SolutionGuid = {70DF440B-BB5C-48C3-B14B-BD4C4CDC6934}
	EndGlobalSection
EndGlobal
